
Microsoft Visual Studio Solution File, Format Version 12.00
# Visual Studio Version 17
VisualStudioVersion = 17.6.33801.468
MinimumVisualStudioVersion = 10.0.40219.1
Project("{9A19103F-16F7-4668-BE54-9A1E7A4F7556}") = "DataTable_to_UDDT", "DataTable_to_UDDT\DataTable_to_UDDT.csproj", "{FD3F565D-6B5A-4F76-ACD1-D133126A7F46}"
EndProject
Global
	GlobalSection(SolutionConfigurationPlatforms) = preSolution
		Debug|Any CPU = Debug|Any CPU
		Release|Any CPU = Release|Any CPU
	EndGlobalSection
	GlobalSection(ProjectConfigurationPlatforms) = postSolution
		{FD3F565D-6B5A-4F76-ACD1-D133126A7F46}.Debug|Any CPU.ActiveCfg = Debug|Any CPU
		{FD3F565D-6B5A-4F76-ACD1-D133126A7F46}.Debug|Any CPU.Build.0 = Debug|Any CPU
		{FD3F565D-6B5A-4F76-ACD1-D133126A7F46}.Release|Any CPU.ActiveCfg = Release|Any CPU
		{FD3F565D-6B5A-4F76-ACD1-D133126A7F46}.Release|Any CPU.Build.0 = Release|Any CPU
	EndGlobalSection
	GlobalSection(SolutionProperties) = preSolution
		HideSolutionNode = FALSE
	EndGlobalSection
	GlobalSection(ExtensibilityGlobals) = postSolution
		SolutionGuid = {C71BBCD0-7C52-4B91-B220-7092E689823F}
	EndGlobalSection
EndGlobal
